<?xml version="1.0" encoding="UTF-8"?>
<CodeBlocks_project_file>
	<FileVersion major="1" minor="6"/>
	<Project>
		<Option title="fibonacci_heap"/>
		<Option makefile_is_custom="1"/>
		<Option compiler="gcc"/>
		<Option virtualFolders="CMake Files\;"/>
		<Build>
			<Target title="all">
				<Option working_dir="/home/hyper/Documents/drive/code/lct-master/charles-university/data-structures-1/fibonacci-heap"/>
				<Option type="4"/>
				<MakeCommands>
					<Build command="/usr/bin/make -j8 -f &quot;/home/hyper/Documents/drive/code/lct-master/charles-university/data-structures-1/fibonacci-heap/Makefile&quot;  VERBOSE=1 all"/>
					<CompileFile command="/usr/bin/make -j8 -f &quot;/home/hyper/Documents/drive/code/lct-master/charles-university/data-structures-1/fibonacci-heap/Makefile&quot;  VERBOSE=1 &quot;$file&quot;"/>
					<Clean command="/usr/bin/make -j8 -f &quot;/home/hyper/Documents/drive/code/lct-master/charles-university/data-structures-1/fibonacci-heap/Makefile&quot;  VERBOSE=1 clean"/>
					<DistClean command="/usr/bin/make -j8 -f &quot;/home/hyper/Documents/drive/code/lct-master/charles-university/data-structures-1/fibonacci-heap/Makefile&quot;  VERBOSE=1 clean"/>
				</MakeCommands>
			</Target>
			<Target title="rebuild_cache">
				<Option working_dir="/home/hyper/Documents/drive/code/lct-master/charles-university/data-structures-1/fibonacci-heap"/>
				<Option type="4"/>
				<MakeCommands>
					<Build command="/usr/bin/make -j8 -f &quot;/home/hyper/Documents/drive/code/lct-master/charles-university/data-structures-1/fibonacci-heap/Makefile&quot;  VERBOSE=1 rebuild_cache"/>
					<CompileFile command="/usr/bin/make -j8 -f &quot;/home/hyper/Documents/drive/code/lct-master/charles-university/data-structures-1/fibonacci-heap/Makefile&quot;  VERBOSE=1 &quot;$file&quot;"/>
					<Clean command="/usr/bin/make -j8 -f &quot;/home/hyper/Documents/drive/code/lct-master/charles-university/data-structures-1/fibonacci-heap/Makefile&quot;  VERBOSE=1 clean"/>
					<DistClean command="/usr/bin/make -j8 -f &quot;/home/hyper/Documents/drive/code/lct-master/charles-university/data-structures-1/fibonacci-heap/Makefile&quot;  VERBOSE=1 clean"/>
				</MakeCommands>
			</Target>
			<Target title="edit_cache">
				<Option working_dir="/home/hyper/Documents/drive/code/lct-master/charles-university/data-structures-1/fibonacci-heap"/>
				<Option type="4"/>
				<MakeCommands>
					<Build command="/usr/bin/make -j8 -f &quot;/home/hyper/Documents/drive/code/lct-master/charles-university/data-structures-1/fibonacci-heap/Makefile&quot;  VERBOSE=1 edit_cache"/>
					<CompileFile command="/usr/bin/make -j8 -f &quot;/home/hyper/Documents/drive/code/lct-master/charles-university/data-structures-1/fibonacci-heap/Makefile&quot;  VERBOSE=1 &quot;$file&quot;"/>
					<Clean command="/usr/bin/make -j8 -f &quot;/home/hyper/Documents/drive/code/lct-master/charles-university/data-structures-1/fibonacci-heap/Makefile&quot;  VERBOSE=1 clean"/>
					<DistClean command="/usr/bin/make -j8 -f &quot;/home/hyper/Documents/drive/code/lct-master/charles-university/data-structures-1/fibonacci-heap/Makefile&quot;  VERBOSE=1 clean"/>
				</MakeCommands>
			</Target>
			<Target title="fibheap">
				<Option output="/home/hyper/Documents/drive/code/lct-master/charles-university/data-structures-1/fibonacci-heap/fibheap" prefix_auto="0" extension_auto="0"/>
				<Option working_dir="/home/hyper/Documents/drive/code/lct-master/charles-university/data-structures-1/fibonacci-heap"/>
				<Option object_output="./"/>
				<Option type="1"/>
				<Option compiler="gcc"/>
				<Compiler>
					<Add directory="/usr/include/c++/6"/>
					<Add directory="/usr/include/x86_64-linux-gnu/c++/6"/>
					<Add directory="/usr/include/c++/6/backward"/>
					<Add directory="/usr/lib/gcc/x86_64-linux-gnu/6/include"/>
					<Add directory="/usr/local/include"/>
					<Add directory="/usr/lib/gcc/x86_64-linux-gnu/6/include-fixed"/>
					<Add directory="/usr/include/x86_64-linux-gnu"/>
					<Add directory="/usr/include"/>
				</Compiler>
				<MakeCommands>
					<Build command="/usr/bin/make -j8 -f &quot;/home/hyper/Documents/drive/code/lct-master/charles-university/data-structures-1/fibonacci-heap/Makefile&quot;  VERBOSE=1 fibheap"/>
					<CompileFile command="/usr/bin/make -j8 -f &quot;/home/hyper/Documents/drive/code/lct-master/charles-university/data-structures-1/fibonacci-heap/Makefile&quot;  VERBOSE=1 &quot;$file&quot;"/>
					<Clean command="/usr/bin/make -j8 -f &quot;/home/hyper/Documents/drive/code/lct-master/charles-university/data-structures-1/fibonacci-heap/Makefile&quot;  VERBOSE=1 clean"/>
					<DistClean command="/usr/bin/make -j8 -f &quot;/home/hyper/Documents/drive/code/lct-master/charles-university/data-structures-1/fibonacci-heap/Makefile&quot;  VERBOSE=1 clean"/>
				</MakeCommands>
			</Target>
			<Target title="fibheap/fast">
				<Option output="/home/hyper/Documents/drive/code/lct-master/charles-university/data-structures-1/fibonacci-heap/fibheap" prefix_auto="0" extension_auto="0"/>
				<Option working_dir="/home/hyper/Documents/drive/code/lct-master/charles-university/data-structures-1/fibonacci-heap"/>
				<Option object_output="./"/>
				<Option type="1"/>
				<Option compiler="gcc"/>
				<Compiler>
					<Add directory="/usr/include/c++/6"/>
					<Add directory="/usr/include/x86_64-linux-gnu/c++/6"/>
					<Add directory="/usr/include/c++/6/backward"/>
					<Add directory="/usr/lib/gcc/x86_64-linux-gnu/6/include"/>
					<Add directory="/usr/local/include"/>
					<Add directory="/usr/lib/gcc/x86_64-linux-gnu/6/include-fixed"/>
					<Add directory="/usr/include/x86_64-linux-gnu"/>
					<Add directory="/usr/include"/>
				</Compiler>
				<MakeCommands>
					<Build command="/usr/bin/make -j8 -f &quot;/home/hyper/Documents/drive/code/lct-master/charles-university/data-structures-1/fibonacci-heap/Makefile&quot;  VERBOSE=1 fibheap/fast"/>
					<CompileFile command="/usr/bin/make -j8 -f &quot;/home/hyper/Documents/drive/code/lct-master/charles-university/data-structures-1/fibonacci-heap/Makefile&quot;  VERBOSE=1 &quot;$file&quot;"/>
					<Clean command="/usr/bin/make -j8 -f &quot;/home/hyper/Documents/drive/code/lct-master/charles-university/data-structures-1/fibonacci-heap/Makefile&quot;  VERBOSE=1 clean"/>
					<DistClean command="/usr/bin/make -j8 -f &quot;/home/hyper/Documents/drive/code/lct-master/charles-university/data-structures-1/fibonacci-heap/Makefile&quot;  VERBOSE=1 clean"/>
				</MakeCommands>
			</Target>
			<Target title="heapgen">
				<Option output="/home/hyper/Documents/drive/code/lct-master/charles-university/data-structures-1/fibonacci-heap/heapgen" prefix_auto="0" extension_auto="0"/>
				<Option working_dir="/home/hyper/Documents/drive/code/lct-master/charles-university/data-structures-1/fibonacci-heap"/>
				<Option object_output="./"/>
				<Option type="1"/>
				<Option compiler="gcc"/>
				<Compiler>
					<Add directory="/usr/include/c++/6"/>
					<Add directory="/usr/include/x86_64-linux-gnu/c++/6"/>
					<Add directory="/usr/include/c++/6/backward"/>
					<Add directory="/usr/lib/gcc/x86_64-linux-gnu/6/include"/>
					<Add directory="/usr/local/include"/>
					<Add directory="/usr/lib/gcc/x86_64-linux-gnu/6/include-fixed"/>
					<Add directory="/usr/include/x86_64-linux-gnu"/>
					<Add directory="/usr/include"/>
				</Compiler>
				<MakeCommands>
					<Build command="/usr/bin/make -j8 -f &quot;/home/hyper/Documents/drive/code/lct-master/charles-university/data-structures-1/fibonacci-heap/Makefile&quot;  VERBOSE=1 heapgen"/>
					<CompileFile command="/usr/bin/make -j8 -f &quot;/home/hyper/Documents/drive/code/lct-master/charles-university/data-structures-1/fibonacci-heap/Makefile&quot;  VERBOSE=1 &quot;$file&quot;"/>
					<Clean command="/usr/bin/make -j8 -f &quot;/home/hyper/Documents/drive/code/lct-master/charles-university/data-structures-1/fibonacci-heap/Makefile&quot;  VERBOSE=1 clean"/>
					<DistClean command="/usr/bin/make -j8 -f &quot;/home/hyper/Documents/drive/code/lct-master/charles-university/data-structures-1/fibonacci-heap/Makefile&quot;  VERBOSE=1 clean"/>
				</MakeCommands>
			</Target>
			<Target title="heapgen/fast">
				<Option output="/home/hyper/Documents/drive/code/lct-master/charles-university/data-structures-1/fibonacci-heap/heapgen" prefix_auto="0" extension_auto="0"/>
				<Option working_dir="/home/hyper/Documents/drive/code/lct-master/charles-university/data-structures-1/fibonacci-heap"/>
				<Option object_output="./"/>
				<Option type="1"/>
				<Option compiler="gcc"/>
				<Compiler>
					<Add directory="/usr/include/c++/6"/>
					<Add directory="/usr/include/x86_64-linux-gnu/c++/6"/>
					<Add directory="/usr/include/c++/6/backward"/>
					<Add directory="/usr/lib/gcc/x86_64-linux-gnu/6/include"/>
					<Add directory="/usr/local/include"/>
					<Add directory="/usr/lib/gcc/x86_64-linux-gnu/6/include-fixed"/>
					<Add directory="/usr/include/x86_64-linux-gnu"/>
					<Add directory="/usr/include"/>
				</Compiler>
				<MakeCommands>
					<Build command="/usr/bin/make -j8 -f &quot;/home/hyper/Documents/drive/code/lct-master/charles-university/data-structures-1/fibonacci-heap/Makefile&quot;  VERBOSE=1 heapgen/fast"/>
					<CompileFile command="/usr/bin/make -j8 -f &quot;/home/hyper/Documents/drive/code/lct-master/charles-university/data-structures-1/fibonacci-heap/Makefile&quot;  VERBOSE=1 &quot;$file&quot;"/>
					<Clean command="/usr/bin/make -j8 -f &quot;/home/hyper/Documents/drive/code/lct-master/charles-university/data-structures-1/fibonacci-heap/Makefile&quot;  VERBOSE=1 clean"/>
					<DistClean command="/usr/bin/make -j8 -f &quot;/home/hyper/Documents/drive/code/lct-master/charles-university/data-structures-1/fibonacci-heap/Makefile&quot;  VERBOSE=1 clean"/>
				</MakeCommands>
			</Target>
		</Build>
		<Unit filename="/home/hyper/Documents/drive/code/lct-master/charles-university/data-structures-1/fibonacci-heap/src/debug.c">
			<Option target="fibheap"/>
		</Unit>
		<Unit filename="/home/hyper/Documents/drive/code/lct-master/charles-university/data-structures-1/fibonacci-heap/src/debug.h">
			<Option target="fibheap"/>
		</Unit>
		<Unit filename="/home/hyper/Documents/drive/code/lct-master/charles-university/data-structures-1/fibonacci-heap/src/fibheap.c">
			<Option target="fibheap"/>
		</Unit>
		<Unit filename="/home/hyper/Documents/drive/code/lct-master/charles-university/data-structures-1/fibonacci-heap/src/heap.c">
			<Option target="fibheap"/>
		</Unit>
		<Unit filename="/home/hyper/Documents/drive/code/lct-master/charles-university/data-structures-1/fibonacci-heap/src/heap.h">
			<Option target="fibheap"/>
		</Unit>
		<Unit filename="/home/hyper/Documents/drive/code/lct-master/charles-university/data-structures-1/fibonacci-heap/src/heapgen.cpp">
			<Option target="heapgen"/>
		</Unit>
		<Unit filename="/home/hyper/Documents/drive/code/lct-master/charles-university/data-structures-1/fibonacci-heap/src/node.c">
			<Option target="fibheap"/>
		</Unit>
		<Unit filename="/home/hyper/Documents/drive/code/lct-master/charles-university/data-structures-1/fibonacci-heap/src/node.h">
			<Option target="fibheap"/>
		</Unit>
		<Unit filename="/home/hyper/Documents/drive/code/lct-master/charles-university/data-structures-1/fibonacci-heap/src/operation.c">
			<Option target="fibheap"/>
		</Unit>
		<Unit filename="/home/hyper/Documents/drive/code/lct-master/charles-university/data-structures-1/fibonacci-heap/src/operation.h">
			<Option target="fibheap"/>
		</Unit>
		<Unit filename="/home/hyper/Documents/drive/code/lct-master/charles-university/data-structures-1/fibonacci-heap/CMakeLists.txt">
			<Option virtualFolder="CMake Files\"/>
		</Unit>
	</Project>
</CodeBlocks_project_file>
