<?xml version="1.0" encoding="UTF-8"?>
<CodeBlocks_project_file>
	<FileVersion major="1" minor="6"/>
	<Project>
		<Option title="splay_tree"/>
		<Option makefile_is_custom="1"/>
		<Option compiler="gcc"/>
		<Option virtualFolders="CMake Files\;"/>
		<Build>
			<Target title="all">
				<Option working_dir="/home/hyper/Documents/drive/code/lct-master/charles-university/data-structures-1/splay-tree"/>
				<Option type="4"/>
				<MakeCommands>
					<Build command="/usr/bin/make -j8 -f &quot;/home/hyper/Documents/drive/code/lct-master/charles-university/data-structures-1/splay-tree/Makefile&quot;  VERBOSE=1 all"/>
					<CompileFile command="/usr/bin/make -j8 -f &quot;/home/hyper/Documents/drive/code/lct-master/charles-university/data-structures-1/splay-tree/Makefile&quot;  VERBOSE=1 &quot;$file&quot;"/>
					<Clean command="/usr/bin/make -j8 -f &quot;/home/hyper/Documents/drive/code/lct-master/charles-university/data-structures-1/splay-tree/Makefile&quot;  VERBOSE=1 clean"/>
					<DistClean command="/usr/bin/make -j8 -f &quot;/home/hyper/Documents/drive/code/lct-master/charles-university/data-structures-1/splay-tree/Makefile&quot;  VERBOSE=1 clean"/>
				</MakeCommands>
			</Target>
			<Target title="rebuild_cache">
				<Option working_dir="/home/hyper/Documents/drive/code/lct-master/charles-university/data-structures-1/splay-tree"/>
				<Option type="4"/>
				<MakeCommands>
					<Build command="/usr/bin/make -j8 -f &quot;/home/hyper/Documents/drive/code/lct-master/charles-university/data-structures-1/splay-tree/Makefile&quot;  VERBOSE=1 rebuild_cache"/>
					<CompileFile command="/usr/bin/make -j8 -f &quot;/home/hyper/Documents/drive/code/lct-master/charles-university/data-structures-1/splay-tree/Makefile&quot;  VERBOSE=1 &quot;$file&quot;"/>
					<Clean command="/usr/bin/make -j8 -f &quot;/home/hyper/Documents/drive/code/lct-master/charles-university/data-structures-1/splay-tree/Makefile&quot;  VERBOSE=1 clean"/>
					<DistClean command="/usr/bin/make -j8 -f &quot;/home/hyper/Documents/drive/code/lct-master/charles-university/data-structures-1/splay-tree/Makefile&quot;  VERBOSE=1 clean"/>
				</MakeCommands>
			</Target>
			<Target title="edit_cache">
				<Option working_dir="/home/hyper/Documents/drive/code/lct-master/charles-university/data-structures-1/splay-tree"/>
				<Option type="4"/>
				<MakeCommands>
					<Build command="/usr/bin/make -j8 -f &quot;/home/hyper/Documents/drive/code/lct-master/charles-university/data-structures-1/splay-tree/Makefile&quot;  VERBOSE=1 edit_cache"/>
					<CompileFile command="/usr/bin/make -j8 -f &quot;/home/hyper/Documents/drive/code/lct-master/charles-university/data-structures-1/splay-tree/Makefile&quot;  VERBOSE=1 &quot;$file&quot;"/>
					<Clean command="/usr/bin/make -j8 -f &quot;/home/hyper/Documents/drive/code/lct-master/charles-university/data-structures-1/splay-tree/Makefile&quot;  VERBOSE=1 clean"/>
					<DistClean command="/usr/bin/make -j8 -f &quot;/home/hyper/Documents/drive/code/lct-master/charles-university/data-structures-1/splay-tree/Makefile&quot;  VERBOSE=1 clean"/>
				</MakeCommands>
			</Target>
			<Target title="splaytree">
				<Option output="/home/hyper/Documents/drive/code/lct-master/charles-university/data-structures-1/splay-tree/splaytree" prefix_auto="0" extension_auto="0"/>
				<Option working_dir="/home/hyper/Documents/drive/code/lct-master/charles-university/data-structures-1/splay-tree"/>
				<Option object_output="./"/>
				<Option type="1"/>
				<Option compiler="gcc"/>
				<Compiler>
					<Add directory="/usr/include/c++/6"/>
					<Add directory="/usr/include/x86_64-linux-gnu/c++/6"/>
					<Add directory="/usr/include/c++/6/backward"/>
					<Add directory="/usr/lib/gcc/x86_64-linux-gnu/6/include"/>
					<Add directory="/usr/local/include"/>
					<Add directory="/usr/lib/gcc/x86_64-linux-gnu/6/include-fixed"/>
					<Add directory="/usr/include/x86_64-linux-gnu"/>
					<Add directory="/usr/include"/>
				</Compiler>
				<MakeCommands>
					<Build command="/usr/bin/make -j8 -f &quot;/home/hyper/Documents/drive/code/lct-master/charles-university/data-structures-1/splay-tree/Makefile&quot;  VERBOSE=1 splaytree"/>
					<CompileFile command="/usr/bin/make -j8 -f &quot;/home/hyper/Documents/drive/code/lct-master/charles-university/data-structures-1/splay-tree/Makefile&quot;  VERBOSE=1 &quot;$file&quot;"/>
					<Clean command="/usr/bin/make -j8 -f &quot;/home/hyper/Documents/drive/code/lct-master/charles-university/data-structures-1/splay-tree/Makefile&quot;  VERBOSE=1 clean"/>
					<DistClean command="/usr/bin/make -j8 -f &quot;/home/hyper/Documents/drive/code/lct-master/charles-university/data-structures-1/splay-tree/Makefile&quot;  VERBOSE=1 clean"/>
				</MakeCommands>
			</Target>
			<Target title="splaytree/fast">
				<Option output="/home/hyper/Documents/drive/code/lct-master/charles-university/data-structures-1/splay-tree/splaytree" prefix_auto="0" extension_auto="0"/>
				<Option working_dir="/home/hyper/Documents/drive/code/lct-master/charles-university/data-structures-1/splay-tree"/>
				<Option object_output="./"/>
				<Option type="1"/>
				<Option compiler="gcc"/>
				<Compiler>
					<Add directory="/usr/include/c++/6"/>
					<Add directory="/usr/include/x86_64-linux-gnu/c++/6"/>
					<Add directory="/usr/include/c++/6/backward"/>
					<Add directory="/usr/lib/gcc/x86_64-linux-gnu/6/include"/>
					<Add directory="/usr/local/include"/>
					<Add directory="/usr/lib/gcc/x86_64-linux-gnu/6/include-fixed"/>
					<Add directory="/usr/include/x86_64-linux-gnu"/>
					<Add directory="/usr/include"/>
				</Compiler>
				<MakeCommands>
					<Build command="/usr/bin/make -j8 -f &quot;/home/hyper/Documents/drive/code/lct-master/charles-university/data-structures-1/splay-tree/Makefile&quot;  VERBOSE=1 splaytree/fast"/>
					<CompileFile command="/usr/bin/make -j8 -f &quot;/home/hyper/Documents/drive/code/lct-master/charles-university/data-structures-1/splay-tree/Makefile&quot;  VERBOSE=1 &quot;$file&quot;"/>
					<Clean command="/usr/bin/make -j8 -f &quot;/home/hyper/Documents/drive/code/lct-master/charles-university/data-structures-1/splay-tree/Makefile&quot;  VERBOSE=1 clean"/>
					<DistClean command="/usr/bin/make -j8 -f &quot;/home/hyper/Documents/drive/code/lct-master/charles-university/data-structures-1/splay-tree/Makefile&quot;  VERBOSE=1 clean"/>
				</MakeCommands>
			</Target>
			<Target title="splaygen">
				<Option output="/home/hyper/Documents/drive/code/lct-master/charles-university/data-structures-1/splay-tree/splaygen" prefix_auto="0" extension_auto="0"/>
				<Option working_dir="/home/hyper/Documents/drive/code/lct-master/charles-university/data-structures-1/splay-tree"/>
				<Option object_output="./"/>
				<Option type="1"/>
				<Option compiler="gcc"/>
				<Compiler>
					<Add directory="/usr/include/c++/6"/>
					<Add directory="/usr/include/x86_64-linux-gnu/c++/6"/>
					<Add directory="/usr/include/c++/6/backward"/>
					<Add directory="/usr/lib/gcc/x86_64-linux-gnu/6/include"/>
					<Add directory="/usr/local/include"/>
					<Add directory="/usr/lib/gcc/x86_64-linux-gnu/6/include-fixed"/>
					<Add directory="/usr/include/x86_64-linux-gnu"/>
					<Add directory="/usr/include"/>
				</Compiler>
				<MakeCommands>
					<Build command="/usr/bin/make -j8 -f &quot;/home/hyper/Documents/drive/code/lct-master/charles-university/data-structures-1/splay-tree/Makefile&quot;  VERBOSE=1 splaygen"/>
					<CompileFile command="/usr/bin/make -j8 -f &quot;/home/hyper/Documents/drive/code/lct-master/charles-university/data-structures-1/splay-tree/Makefile&quot;  VERBOSE=1 &quot;$file&quot;"/>
					<Clean command="/usr/bin/make -j8 -f &quot;/home/hyper/Documents/drive/code/lct-master/charles-university/data-structures-1/splay-tree/Makefile&quot;  VERBOSE=1 clean"/>
					<DistClean command="/usr/bin/make -j8 -f &quot;/home/hyper/Documents/drive/code/lct-master/charles-university/data-structures-1/splay-tree/Makefile&quot;  VERBOSE=1 clean"/>
				</MakeCommands>
			</Target>
			<Target title="splaygen/fast">
				<Option output="/home/hyper/Documents/drive/code/lct-master/charles-university/data-structures-1/splay-tree/splaygen" prefix_auto="0" extension_auto="0"/>
				<Option working_dir="/home/hyper/Documents/drive/code/lct-master/charles-university/data-structures-1/splay-tree"/>
				<Option object_output="./"/>
				<Option type="1"/>
				<Option compiler="gcc"/>
				<Compiler>
					<Add directory="/usr/include/c++/6"/>
					<Add directory="/usr/include/x86_64-linux-gnu/c++/6"/>
					<Add directory="/usr/include/c++/6/backward"/>
					<Add directory="/usr/lib/gcc/x86_64-linux-gnu/6/include"/>
					<Add directory="/usr/local/include"/>
					<Add directory="/usr/lib/gcc/x86_64-linux-gnu/6/include-fixed"/>
					<Add directory="/usr/include/x86_64-linux-gnu"/>
					<Add directory="/usr/include"/>
				</Compiler>
				<MakeCommands>
					<Build command="/usr/bin/make -j8 -f &quot;/home/hyper/Documents/drive/code/lct-master/charles-university/data-structures-1/splay-tree/Makefile&quot;  VERBOSE=1 splaygen/fast"/>
					<CompileFile command="/usr/bin/make -j8 -f &quot;/home/hyper/Documents/drive/code/lct-master/charles-university/data-structures-1/splay-tree/Makefile&quot;  VERBOSE=1 &quot;$file&quot;"/>
					<Clean command="/usr/bin/make -j8 -f &quot;/home/hyper/Documents/drive/code/lct-master/charles-university/data-structures-1/splay-tree/Makefile&quot;  VERBOSE=1 clean"/>
					<DistClean command="/usr/bin/make -j8 -f &quot;/home/hyper/Documents/drive/code/lct-master/charles-university/data-structures-1/splay-tree/Makefile&quot;  VERBOSE=1 clean"/>
				</MakeCommands>
			</Target>
		</Build>
		<Unit filename="/home/hyper/Documents/drive/code/lct-master/charles-university/data-structures-1/splay-tree/src/node.c">
			<Option target="splaytree"/>
		</Unit>
		<Unit filename="/home/hyper/Documents/drive/code/lct-master/charles-university/data-structures-1/splay-tree/src/node.h">
			<Option target="splaytree"/>
		</Unit>
		<Unit filename="/home/hyper/Documents/drive/code/lct-master/charles-university/data-structures-1/splay-tree/src/operation.c">
			<Option target="splaytree"/>
		</Unit>
		<Unit filename="/home/hyper/Documents/drive/code/lct-master/charles-university/data-structures-1/splay-tree/src/operation.h">
			<Option target="splaytree"/>
		</Unit>
		<Unit filename="/home/hyper/Documents/drive/code/lct-master/charles-university/data-structures-1/splay-tree/src/splaygen.c">
			<Option target="splaygen"/>
		</Unit>
		<Unit filename="/home/hyper/Documents/drive/code/lct-master/charles-university/data-structures-1/splay-tree/src/splaytree.c">
			<Option target="splaytree"/>
		</Unit>
		<Unit filename="/home/hyper/Documents/drive/code/lct-master/charles-university/data-structures-1/splay-tree/src/tree.c">
			<Option target="splaytree"/>
		</Unit>
		<Unit filename="/home/hyper/Documents/drive/code/lct-master/charles-university/data-structures-1/splay-tree/src/tree.h">
			<Option target="splaytree"/>
		</Unit>
		<Unit filename="/home/hyper/Documents/drive/code/lct-master/charles-university/data-structures-1/splay-tree/CMakeLists.txt">
			<Option virtualFolder="CMake Files\"/>
		</Unit>
	</Project>
</CodeBlocks_project_file>
