<?xml version="1.0" encoding="UTF-8"?>
<CodeBlocks_project_file>
	<FileVersion major="1" minor="6"/>
	<Project>
		<Option title="hashing"/>
		<Option makefile_is_custom="1"/>
		<Option compiler="gcc"/>
		<Option virtualFolders="CMake Files\;"/>
		<Build>
			<Target title="all">
				<Option working_dir="/cygdrive/c/Users/hyper/Documents/repos/lct-master/charles-university/data-structures-1/hashing"/>
				<Option type="4"/>
				<MakeCommands>
					<Build command="/usr/bin/make.exe -j4 -f &quot;/cygdrive/c/Users/hyper/Documents/repos/lct-master/charles-university/data-structures-1/hashing/Makefile&quot;  VERBOSE=1 all"/>
					<CompileFile command="/usr/bin/make.exe -j4 -f &quot;/cygdrive/c/Users/hyper/Documents/repos/lct-master/charles-university/data-structures-1/hashing/Makefile&quot;  VERBOSE=1 &quot;$file&quot;"/>
					<Clean command="/usr/bin/make.exe -j4 -f &quot;/cygdrive/c/Users/hyper/Documents/repos/lct-master/charles-university/data-structures-1/hashing/Makefile&quot;  VERBOSE=1 clean"/>
					<DistClean command="/usr/bin/make.exe -j4 -f &quot;/cygdrive/c/Users/hyper/Documents/repos/lct-master/charles-university/data-structures-1/hashing/Makefile&quot;  VERBOSE=1 clean"/>
				</MakeCommands>
			</Target>
			<Target title="rebuild_cache">
				<Option working_dir="/cygdrive/c/Users/hyper/Documents/repos/lct-master/charles-university/data-structures-1/hashing"/>
				<Option type="4"/>
				<MakeCommands>
					<Build command="/usr/bin/make.exe -j4 -f &quot;/cygdrive/c/Users/hyper/Documents/repos/lct-master/charles-university/data-structures-1/hashing/Makefile&quot;  VERBOSE=1 rebuild_cache"/>
					<CompileFile command="/usr/bin/make.exe -j4 -f &quot;/cygdrive/c/Users/hyper/Documents/repos/lct-master/charles-university/data-structures-1/hashing/Makefile&quot;  VERBOSE=1 &quot;$file&quot;"/>
					<Clean command="/usr/bin/make.exe -j4 -f &quot;/cygdrive/c/Users/hyper/Documents/repos/lct-master/charles-university/data-structures-1/hashing/Makefile&quot;  VERBOSE=1 clean"/>
					<DistClean command="/usr/bin/make.exe -j4 -f &quot;/cygdrive/c/Users/hyper/Documents/repos/lct-master/charles-university/data-structures-1/hashing/Makefile&quot;  VERBOSE=1 clean"/>
				</MakeCommands>
			</Target>
			<Target title="edit_cache">
				<Option working_dir="/cygdrive/c/Users/hyper/Documents/repos/lct-master/charles-university/data-structures-1/hashing"/>
				<Option type="4"/>
				<MakeCommands>
					<Build command="/usr/bin/make.exe -j4 -f &quot;/cygdrive/c/Users/hyper/Documents/repos/lct-master/charles-university/data-structures-1/hashing/Makefile&quot;  VERBOSE=1 edit_cache"/>
					<CompileFile command="/usr/bin/make.exe -j4 -f &quot;/cygdrive/c/Users/hyper/Documents/repos/lct-master/charles-university/data-structures-1/hashing/Makefile&quot;  VERBOSE=1 &quot;$file&quot;"/>
					<Clean command="/usr/bin/make.exe -j4 -f &quot;/cygdrive/c/Users/hyper/Documents/repos/lct-master/charles-university/data-structures-1/hashing/Makefile&quot;  VERBOSE=1 clean"/>
					<DistClean command="/usr/bin/make.exe -j4 -f &quot;/cygdrive/c/Users/hyper/Documents/repos/lct-master/charles-university/data-structures-1/hashing/Makefile&quot;  VERBOSE=1 clean"/>
				</MakeCommands>
			</Target>
			<Target title="hashing">
				<Option output="/cygdrive/c/Users/hyper/Documents/repos/lct-master/charles-university/data-structures-1/hashing/hashing.exe" prefix_auto="0" extension_auto="0"/>
				<Option working_dir="/cygdrive/c/Users/hyper/Documents/repos/lct-master/charles-university/data-structures-1/hashing"/>
				<Option object_output="./"/>
				<Option type="1"/>
				<Option compiler="gcc"/>
				<Compiler>
					<Add directory="/usr/lib/gcc/x86_64-pc-cygwin/6.4.0/include"/>
					<Add directory="/usr/include"/>
					<Add directory="/usr/lib/gcc/x86_64-pc-cygwin/6.4.0/../../../../lib/../include/w32api"/>
				</Compiler>
				<MakeCommands>
					<Build command="/usr/bin/make.exe -j4 -f &quot;/cygdrive/c/Users/hyper/Documents/repos/lct-master/charles-university/data-structures-1/hashing/Makefile&quot;  VERBOSE=1 hashing"/>
					<CompileFile command="/usr/bin/make.exe -j4 -f &quot;/cygdrive/c/Users/hyper/Documents/repos/lct-master/charles-university/data-structures-1/hashing/Makefile&quot;  VERBOSE=1 &quot;$file&quot;"/>
					<Clean command="/usr/bin/make.exe -j4 -f &quot;/cygdrive/c/Users/hyper/Documents/repos/lct-master/charles-university/data-structures-1/hashing/Makefile&quot;  VERBOSE=1 clean"/>
					<DistClean command="/usr/bin/make.exe -j4 -f &quot;/cygdrive/c/Users/hyper/Documents/repos/lct-master/charles-university/data-structures-1/hashing/Makefile&quot;  VERBOSE=1 clean"/>
				</MakeCommands>
			</Target>
			<Target title="hashing/fast">
				<Option output="/cygdrive/c/Users/hyper/Documents/repos/lct-master/charles-university/data-structures-1/hashing/hashing.exe" prefix_auto="0" extension_auto="0"/>
				<Option working_dir="/cygdrive/c/Users/hyper/Documents/repos/lct-master/charles-university/data-structures-1/hashing"/>
				<Option object_output="./"/>
				<Option type="1"/>
				<Option compiler="gcc"/>
				<Compiler>
					<Add directory="/usr/lib/gcc/x86_64-pc-cygwin/6.4.0/include"/>
					<Add directory="/usr/include"/>
					<Add directory="/usr/lib/gcc/x86_64-pc-cygwin/6.4.0/../../../../lib/../include/w32api"/>
				</Compiler>
				<MakeCommands>
					<Build command="/usr/bin/make.exe -j4 -f &quot;/cygdrive/c/Users/hyper/Documents/repos/lct-master/charles-university/data-structures-1/hashing/Makefile&quot;  VERBOSE=1 hashing/fast"/>
					<CompileFile command="/usr/bin/make.exe -j4 -f &quot;/cygdrive/c/Users/hyper/Documents/repos/lct-master/charles-university/data-structures-1/hashing/Makefile&quot;  VERBOSE=1 &quot;$file&quot;"/>
					<Clean command="/usr/bin/make.exe -j4 -f &quot;/cygdrive/c/Users/hyper/Documents/repos/lct-master/charles-university/data-structures-1/hashing/Makefile&quot;  VERBOSE=1 clean"/>
					<DistClean command="/usr/bin/make.exe -j4 -f &quot;/cygdrive/c/Users/hyper/Documents/repos/lct-master/charles-university/data-structures-1/hashing/Makefile&quot;  VERBOSE=1 clean"/>
				</MakeCommands>
			</Target>
		</Build>
		<Unit filename="/cygdrive/c/Users/hyper/Documents/repos/lct-master/charles-university/data-structures-1/hashing/src/clock.c">
			<Option target="hashing"/>
		</Unit>
		<Unit filename="/cygdrive/c/Users/hyper/Documents/repos/lct-master/charles-university/data-structures-1/hashing/src/clock.h">
			<Option target="hashing"/>
		</Unit>
		<Unit filename="/cygdrive/c/Users/hyper/Documents/repos/lct-master/charles-university/data-structures-1/hashing/src/hash-scheme.c">
			<Option target="hashing"/>
		</Unit>
		<Unit filename="/cygdrive/c/Users/hyper/Documents/repos/lct-master/charles-university/data-structures-1/hashing/src/hash-scheme.h">
			<Option target="hashing"/>
		</Unit>
		<Unit filename="/cygdrive/c/Users/hyper/Documents/repos/lct-master/charles-university/data-structures-1/hashing/src/hash-system.c">
			<Option target="hashing"/>
		</Unit>
		<Unit filename="/cygdrive/c/Users/hyper/Documents/repos/lct-master/charles-university/data-structures-1/hashing/src/hash-system.h">
			<Option target="hashing"/>
		</Unit>
		<Unit filename="/cygdrive/c/Users/hyper/Documents/repos/lct-master/charles-university/data-structures-1/hashing/src/main.c">
			<Option target="hashing"/>
		</Unit>
		<Unit filename="/cygdrive/c/Users/hyper/Documents/repos/lct-master/charles-university/data-structures-1/hashing/src/random-gen.c">
			<Option target="hashing"/>
		</Unit>
		<Unit filename="/cygdrive/c/Users/hyper/Documents/repos/lct-master/charles-university/data-structures-1/hashing/src/random-gen.h">
			<Option target="hashing"/>
		</Unit>
		<Unit filename="/cygdrive/c/Users/hyper/Documents/repos/lct-master/charles-university/data-structures-1/hashing/CMakeLists.txt">
			<Option virtualFolder="CMake Files\"/>
		</Unit>
	</Project>
</CodeBlocks_project_file>
